PODS:
  - LEGOCoreKit (0.1.0):
    - LEGOCoreKit/LEGOAuthority (= 0.1.0)
    - LEGOCoreKit/LEGOPrefix (= 0.1.0)
  - LEGOCoreKit/LEGOAuthority (0.1.0)
  - LEGOCoreKit/LEGOPrefix (0.1.0)

DEPENDENCIES:
  - LEGOCoreKit (from `../`)

EXTERNAL SOURCES:
  LEGOCoreKit:
    :path: "../"

SPEC CHECKSUMS:
  LEGOCoreKit: c99182a8e22ea03d39450ab9315e802aefda4b5a

PODFILE CHECKSUM: 83b1643cbb52220337b77bb91d4016d745477dbb

COCOAPODS: 1.6.1
